// !$*UTF8*$!
{
	archiveVersion = 1;
	classes = {
	};
	objectVersion = 46;
	objects = {

/* Begin PBXBuildFile section */
		1F1711311970592A001E4237 /* Foundation.framework in Frameworks */ = {isa = PBXBuildFile; fileRef = 1F1711301970592A001E4237 /* Foundation.framework */; };
		1F1711331970592A001E4237 /* CoreGraphics.framework in Frameworks */ = {isa = PBXBuildFile; fileRef = 1F1711321970592A001E4237 /* CoreGraphics.framework */; };
		1F1711351970592A001E4237 /* UIKit.framework in Frameworks */ = {isa = PBXBuildFile; fileRef = 1F1711341970592A001E4237 /* UIKit.framework */; };
		1F17113B1970592A001E4237 /* InfoPlist.strings in Resources */ = {isa = PBXBuildFile; fileRef = 1F1711391970592A001E4237 /* InfoPlist.strings */; };
		1F17113D1970592A001E4237 /* main.m in Sources */ = {isa = PBXBuildFile; fileRef = 1F17113C1970592A001E4237 /* main.m */; };
		1F1711411970592A001E4237 /* AppDelegate.m in Sources */ = {isa = PBXBuildFile; fileRef = 1F1711401970592A001E4237 /* AppDelegate.m */; };
		1F1711441970592A001E4237 /* Main.storyboard in Resources */ = {isa = PBXBuildFile; fileRef = 1F1711421970592A001E4237 /* Main.storyboard */; };
		1F1711471970592A001E4237 /* ViewController.m in Sources */ = {isa = PBXBuildFile; fileRef = 1F1711461970592A001E4237 /* ViewController.m */; };
		1F1711491970592A001E4237 /* Images.xcassets in Resources */ = {isa = PBXBuildFile; fileRef = 1F1711481970592A001E4237 /* Images.xcassets */; };
		1F1711501970592A001E4237 /* XCTest.framework in Frameworks */ = {isa = PBXBuildFile; fileRef = 1F17114F1970592A001E4237 /* XCTest.framework */; };
		1F1711511970592A001E4237 /* Foundation.framework in Frameworks */ = {isa = PBXBuildFile; fileRef = 1F1711301970592A001E4237 /* Foundation.framework */; };
		1F1711521970592A001E4237 /* UIKit.framework in Frameworks */ = {isa = PBXBuildFile; fileRef = 1F1711341970592A001E4237 /* UIKit.framework */; };
		1F17115A1970592A001E4237 /* InfoPlist.strings in Resources */ = {isa = PBXBuildFile; fileRef = 1F1711581970592A001E4237 /* InfoPlist.strings */; };
		1F17115C1970592A001E4237 /* SoundSynthTests.m in Sources */ = {isa = PBXBuildFile; fileRef = 1F17115B1970592A001E4237 /* SoundSynthTests.m */; };
		1F171302197449E5001E4237 /* NVAllpassFilter.m in Sources */ = {isa = PBXBuildFile; fileRef = 1F1712EF197449E5001E4237 /* NVAllpassFilter.m */; };
		1F171303197449E5001E4237 /* NVBandpassFilter.m in Sources */ = {isa = PBXBuildFile; fileRef = 1F1712F1197449E5001E4237 /* NVBandpassFilter.m */; };
		1F171304197449E5001E4237 /* NVBandpassQPeakGainFilter.m in Sources */ = {isa = PBXBuildFile; fileRef = 1F1712F3197449E5001E4237 /* NVBandpassQPeakGainFilter.m */; };
		1F171305197449E5001E4237 /* NVHighpassFilter.m in Sources */ = {isa = PBXBuildFile; fileRef = 1F1712F5197449E5001E4237 /* NVHighpassFilter.m */; };
		1F171306197449E5001E4237 /* NVHighShelvingFilter.m in Sources */ = {isa = PBXBuildFile; fileRef = 1F1712F7197449E5001E4237 /* NVHighShelvingFilter.m */; };
		1F171307197449E5001E4237 /* NVLowpassFilter.m in Sources */ = {isa = PBXBuildFile; fileRef = 1F1712F9197449E5001E4237 /* NVLowpassFilter.m */; };
		1F171308197449E5001E4237 /* NVLowShelvingFilter.m in Sources */ = {isa = PBXBuildFile; fileRef = 1F1712FB197449E5001E4237 /* NVLowShelvingFilter.m */; };
		1F171309197449E5001E4237 /* NVNotchFilter.m in Sources */ = {isa = PBXBuildFile; fileRef = 1F1712FD197449E5001E4237 /* NVNotchFilter.m */; };
		1F17130A197449E5001E4237 /* NVPeakingEQFilter.m in Sources */ = {isa = PBXBuildFile; fileRef = 1F1712FF197449E5001E4237 /* NVPeakingEQFilter.m */; };
		1F17130B197449E5001E4237 /* NVDSP.mm in Sources */ = {isa = PBXBuildFile; fileRef = 1F171301197449E5001E4237 /* NVDSP.mm */; };
		1FBE91D0197822920097D493 /* AdditiveSynth.m in Sources */ = {isa = PBXBuildFile; fileRef = 1FBE91BB197822920097D493 /* AdditiveSynth.m */; };
		1FBE91D1197822920097D493 /* AudioOutput.m in Sources */ = {isa = PBXBuildFile; fileRef = 1FBE91BD197822920097D493 /* AudioOutput.m */; };
		1FBE91D2197822920097D493 /* WavetableSynth.m in Sources */ = {isa = PBXBuildFile; fileRef = 1FBE91BF197822920097D493 /* WavetableSynth.m */; };
		1FBE91D3197822920097D493 /* icon_152.png in Resources */ = {isa = PBXBuildFile; fileRef = 1FBE91C1197822920097D493 /* icon_152.png */; };
		1FBE91D4197822920097D493 /* icon_29.png in Resources */ = {isa = PBXBuildFile; fileRef = 1FBE91C2197822920097D493 /* icon_29.png */; };
		1FBE91D5197822920097D493 /* icon_40.png in Resources */ = {isa = PBXBuildFile; fileRef = 1FBE91C3197822920097D493 /* icon_40.png */; };
		1FBE91D6197822920097D493 /* icon_58.png in Resources */ = {isa = PBXBuildFile; fileRef = 1FBE91C4197822920097D493 /* icon_58.png */; };
		1FBE91D7197822920097D493 /* icon_76.png in Resources */ = {isa = PBXBuildFile; fileRef = 1FBE91C5197822920097D493 /* icon_76.png */; };
		1FBE91D8197822920097D493 /* icon_80.png in Resources */ = {isa = PBXBuildFile; fileRef = 1FBE91C6197822920097D493 /* icon_80.png */; };
		1FBE91D9197822920097D493 /* sawtoothwave.jpg in Resources */ = {isa = PBXBuildFile; fileRef = 1FBE91C7197822920097D493 /* sawtoothwave.jpg */; };
		1FBE91DA197822920097D493 /* sawtoothwave.png in Resources */ = {isa = PBXBuildFile; fileRef = 1FBE91C8197822920097D493 /* sawtoothwave.png */; };
		1FBE91DB197822920097D493 /* FunctionDrawView.m in Sources */ = {isa = PBXBuildFile; fileRef = 1FBE91CB197822920097D493 /* FunctionDrawView.m */; };
		1FBE91DC197822920097D493 /* IndicatorDot.m in Sources */ = {isa = PBXBuildFile; fileRef = 1FBE91CD197822920097D493 /* IndicatorDot.m */; };
		1FBE91DD197822920097D493 /* METScopeView.m in Sources */ = {isa = PBXBuildFile; fileRef = 1FBE91CF197822920097D493 /* METScopeView.m */; };
/* End PBXBuildFile section */

/* Begin PBXContainerItemProxy section */
		1F1711531970592A001E4237 /* PBXContainerItemProxy */ = {
			isa = PBXContainerItemProxy;
			containerPortal = 1F1711251970592A001E4237 /* Project object */;
			proxyType = 1;
			remoteGlobalIDString = 1F17112C1970592A001E4237;
			remoteInfo = SoundSynth;
		};
/* End PBXContainerItemProxy section */

/* Begin PBXFileReference section */
		1F17112D1970592A001E4237 /* SoundSynth.app */ = {isa = PBXFileReference; explicitFileType = wrapper.application; includeInIndex = 0; path = SoundSynth.app; sourceTree = BUILT_PRODUCTS_DIR; };
		1F1711301970592A001E4237 /* Foundation.framework */ = {isa = PBXFileReference; lastKnownFileType = wrapper.framework; name = Foundation.framework; path = System/Library/Frameworks/Foundation.framework; sourceTree = SDKROOT; };
		1F1711321970592A001E4237 /* CoreGraphics.framework */ = {isa = PBXFileReference; lastKnownFileType = wrapper.framework; name = CoreGraphics.framework; path = System/Library/Frameworks/CoreGraphics.framework; sourceTree = SDKROOT; };
		1F1711341970592A001E4237 /* UIKit.framework */ = {isa = PBXFileReference; lastKnownFileType = wrapper.framework; name = UIKit.framework; path = System/Library/Frameworks/UIKit.framework; sourceTree = SDKROOT; };
		1F1711381970592A001E4237 /* SoundSynth-Info.plist */ = {isa = PBXFileReference; lastKnownFileType = text.plist.xml; path = "SoundSynth-Info.plist"; sourceTree = "<group>"; };
		1F17113A1970592A001E4237 /* en */ = {isa = PBXFileReference; lastKnownFileType = text.plist.strings; name = en; path = en.lproj/InfoPlist.strings; sourceTree = "<group>"; };
		1F17113C1970592A001E4237 /* main.m */ = {isa = PBXFileReference; lastKnownFileType = sourcecode.c.objc; path = main.m; sourceTree = "<group>"; };
		1F17113E1970592A001E4237 /* SoundSynth-Prefix.pch */ = {isa = PBXFileReference; lastKnownFileType = sourcecode.c.h; path = "SoundSynth-Prefix.pch"; sourceTree = "<group>"; };
		1F17113F1970592A001E4237 /* AppDelegate.h */ = {isa = PBXFileReference; lastKnownFileType = sourcecode.c.h; path = AppDelegate.h; sourceTree = "<group>"; };
		1F1711401970592A001E4237 /* AppDelegate.m */ = {isa = PBXFileReference; lastKnownFileType = sourcecode.c.objc; path = AppDelegate.m; sourceTree = "<group>"; };
		1F1711431970592A001E4237 /* Base */ = {isa = PBXFileReference; lastKnownFileType = file.storyboard; name = Base; path = Base.lproj/Main.storyboard; sourceTree = "<group>"; };
		1F1711451970592A001E4237 /* ViewController.h */ = {isa = PBXFileReference; lastKnownFileType = sourcecode.c.h; path = ViewController.h; sourceTree = "<group>"; };
		1F1711461970592A001E4237 /* ViewController.m */ = {isa = PBXFileReference; lastKnownFileType = sourcecode.c.objc; path = ViewController.m; sourceTree = "<group>"; };
		1F1711481970592A001E4237 /* Images.xcassets */ = {isa = PBXFileReference; lastKnownFileType = folder.assetcatalog; path = Images.xcassets; sourceTree = "<group>"; };
		1F17114E1970592A001E4237 /* SoundSynthTests.xctest */ = {isa = PBXFileReference; explicitFileType = wrapper.cfbundle; includeInIndex = 0; path = SoundSynthTests.xctest; sourceTree = BUILT_PRODUCTS_DIR; };
		1F17114F1970592A001E4237 /* XCTest.framework */ = {isa = PBXFileReference; lastKnownFileType = wrapper.framework; name = XCTest.framework; path = Library/Frameworks/XCTest.framework; sourceTree = DEVELOPER_DIR; };
		1F1711571970592A001E4237 /* SoundSynthTests-Info.plist */ = {isa = PBXFileReference; lastKnownFileType = text.plist.xml; path = "SoundSynthTests-Info.plist"; sourceTree = "<group>"; };
		1F1711591970592A001E4237 /* en */ = {isa = PBXFileReference; lastKnownFileType = text.plist.strings; name = en; path = en.lproj/InfoPlist.strings; sourceTree = "<group>"; };
		1F17115B1970592A001E4237 /* SoundSynthTests.m */ = {isa = PBXFileReference; lastKnownFileType = sourcecode.c.objc; path = SoundSynthTests.m; sourceTree = "<group>"; };
		1F1712EE197449E5001E4237 /* NVAllpassFilter.h */ = {isa = PBXFileReference; fileEncoding = 4; lastKnownFileType = sourcecode.c.h; path = NVAllpassFilter.h; sourceTree = "<group>"; };
		1F1712EF197449E5001E4237 /* NVAllpassFilter.m */ = {isa = PBXFileReference; fileEncoding = 4; lastKnownFileType = sourcecode.c.objc; path = NVAllpassFilter.m; sourceTree = "<group>"; };
		1F1712F0197449E5001E4237 /* NVBandpassFilter.h */ = {isa = PBXFileReference; fileEncoding = 4; lastKnownFileType = sourcecode.c.h; path = NVBandpassFilter.h; sourceTree = "<group>"; };
		1F1712F1197449E5001E4237 /* NVBandpassFilter.m */ = {isa = PBXFileReference; fileEncoding = 4; lastKnownFileType = sourcecode.c.objc; path = NVBandpassFilter.m; sourceTree = "<group>"; };
		1F1712F2197449E5001E4237 /* NVBandpassQPeakGainFilter.h */ = {isa = PBXFileReference; fileEncoding = 4; lastKnownFileType = sourcecode.c.h; path = NVBandpassQPeakGainFilter.h; sourceTree = "<group>"; };
		1F1712F3197449E5001E4237 /* NVBandpassQPeakGainFilter.m */ = {isa = PBXFileReference; fileEncoding = 4; lastKnownFileType = sourcecode.c.objc; path = NVBandpassQPeakGainFilter.m; sourceTree = "<group>"; };
		1F1712F4197449E5001E4237 /* NVHighpassFilter.h */ = {isa = PBXFileReference; fileEncoding = 4; lastKnownFileType = sourcecode.c.h; path = NVHighpassFilter.h; sourceTree = "<group>"; };
		1F1712F5197449E5001E4237 /* NVHighpassFilter.m */ = {isa = PBXFileReference; fileEncoding = 4; lastKnownFileType = sourcecode.c.objc; path = NVHighpassFilter.m; sourceTree = "<group>"; };
		1F1712F6197449E5001E4237 /* NVHighShelvingFilter.h */ = {isa = PBXFileReference; fileEncoding = 4; lastKnownFileType = sourcecode.c.h; path = NVHighShelvingFilter.h; sourceTree = "<group>"; };
		1F1712F7197449E5001E4237 /* NVHighShelvingFilter.m */ = {isa = PBXFileReference; fileEncoding = 4; lastKnownFileType = sourcecode.c.objc; path = NVHighShelvingFilter.m; sourceTree = "<group>"; };
		1F1712F8197449E5001E4237 /* NVLowpassFilter.h */ = {isa = PBXFileReference; fileEncoding = 4; lastKnownFileType = sourcecode.c.h; path = NVLowpassFilter.h; sourceTree = "<group>"; };
		1F1712F9197449E5001E4237 /* NVLowpassFilter.m */ = {isa = PBXFileReference; fileEncoding = 4; lastKnownFileType = sourcecode.c.objc; path = NVLowpassFilter.m; sourceTree = "<group>"; };
		1F1712FA197449E5001E4237 /* NVLowShelvingFilter.h */ = {isa = PBXFileReference; fileEncoding = 4; lastKnownFileType = sourcecode.c.h; path = NVLowShelvingFilter.h; sourceTree = "<group>"; };
		1F1712FB197449E5001E4237 /* NVLowShelvingFilter.m */ = {isa = PBXFileReference; fileEncoding = 4; lastKnownFileType = sourcecode.c.objc; path = NVLowShelvingFilter.m; sourceTree = "<group>"; };
		1F1712FC197449E5001E4237 /* NVNotchFilter.h */ = {isa = PBXFileReference; fileEncoding = 4; lastKnownFileType = sourcecode.c.h; path = NVNotchFilter.h; sourceTree = "<group>"; };
		1F1712FD197449E5001E4237 /* NVNotchFilter.m */ = {isa = PBXFileReference; fileEncoding = 4; lastKnownFileType = sourcecode.c.objc; path = NVNotchFilter.m; sourceTree = "<group>"; };
		1F1712FE197449E5001E4237 /* NVPeakingEQFilter.h */ = {isa = PBXFileReference; fileEncoding = 4; lastKnownFileType = sourcecode.c.h; path = NVPeakingEQFilter.h; sourceTree = "<group>"; };
		1F1712FF197449E5001E4237 /* NVPeakingEQFilter.m */ = {isa = PBXFileReference; fileEncoding = 4; lastKnownFileType = sourcecode.c.objc; path = NVPeakingEQFilter.m; sourceTree = "<group>"; };
		1F171300197449E5001E4237 /* NVDSP.h */ = {isa = PBXFileReference; fileEncoding = 4; lastKnownFileType = sourcecode.c.h; path = NVDSP.h; sourceTree = "<group>"; };
		1F171301197449E5001E4237 /* NVDSP.mm */ = {isa = PBXFileReference; fileEncoding = 4; lastKnownFileType = sourcecode.cpp.objcpp; path = NVDSP.mm; sourceTree = "<group>"; };
		1FBE91BA197822920097D493 /* AdditiveSynth.h */ = {isa = PBXFileReference; fileEncoding = 4; lastKnownFileType = sourcecode.c.h; path = AdditiveSynth.h; sourceTree = "<group>"; };
		1FBE91BB197822920097D493 /* AdditiveSynth.m */ = {isa = PBXFileReference; fileEncoding = 4; lastKnownFileType = sourcecode.c.objc; path = AdditiveSynth.m; sourceTree = "<group>"; };
		1FBE91BC197822920097D493 /* AudioOutput.h */ = {isa = PBXFileReference; fileEncoding = 4; lastKnownFileType = sourcecode.c.h; path = AudioOutput.h; sourceTree = "<group>"; };
		1FBE91BD197822920097D493 /* AudioOutput.m */ = {isa = PBXFileReference; fileEncoding = 4; lastKnownFileType = sourcecode.c.objc; path = AudioOutput.m; sourceTree = "<group>"; };
		1FBE91BE197822920097D493 /* WavetableSynth.h */ = {isa = PBXFileReference; fileEncoding = 4; lastKnownFileType = sourcecode.c.h; path = WavetableSynth.h; sourceTree = "<group>"; };
		1FBE91BF197822920097D493 /* WavetableSynth.m */ = {isa = PBXFileReference; fileEncoding = 4; lastKnownFileType = sourcecode.c.objc; path = WavetableSynth.m; sourceTree = "<group>"; };
		1FBE91C1197822920097D493 /* icon_152.png */ = {isa = PBXFileReference; lastKnownFileType = image.png; path = icon_152.png; sourceTree = "<group>"; };
		1FBE91C2197822920097D493 /* icon_29.png */ = {isa = PBXFileReference; lastKnownFileType = image.png; path = icon_29.png; sourceTree = "<group>"; };
		1FBE91C3197822920097D493 /* icon_40.png */ = {isa = PBXFileReference; lastKnownFileType = image.png; path = icon_40.png; sourceTree = "<group>"; };
		1FBE91C4197822920097D493 /* icon_58.png */ = {isa = PBXFileReference; lastKnownFileType = image.png; path = icon_58.png; sourceTree = "<group>"; };
		1FBE91C5197822920097D493 /* icon_76.png */ = {isa = PBXFileReference; lastKnownFileType = image.png; path = icon_76.png; sourceTree = "<group>"; };
		1FBE91C6197822920097D493 /* icon_80.png */ = {isa = PBXFileReference; lastKnownFileType = image.png; path = icon_80.png; sourceTree = "<group>"; };
		1FBE91C7197822920097D493 /* sawtoothwave.jpg */ = {isa = PBXFileReference; lastKnownFileType = image.jpeg; path = sawtoothwave.jpg; sourceTree = "<group>"; };
		1FBE91C8197822920097D493 /* sawtoothwave.png */ = {isa = PBXFileReference; lastKnownFileType = image.png; path = sawtoothwave.png; sourceTree = "<group>"; };
		1FBE91CA197822920097D493 /* FunctionDrawView.h */ = {isa = PBXFileReference; fileEncoding = 4; lastKnownFileType = sourcecode.c.h; path = FunctionDrawView.h; sourceTree = "<group>"; };
		1FBE91CB197822920097D493 /* FunctionDrawView.m */ = {isa = PBXFileReference; fileEncoding = 4; lastKnownFileType = sourcecode.c.objc; path = FunctionDrawView.m; sourceTree = "<group>"; };
		1FBE91CC197822920097D493 /* IndicatorDot.h */ = {isa = PBXFileReference; fileEncoding = 4; lastKnownFileType = sourcecode.c.h; path = IndicatorDot.h; sourceTree = "<group>"; };
		1FBE91CD197822920097D493 /* IndicatorDot.m */ = {isa = PBXFileReference; fileEncoding = 4; lastKnownFileType = sourcecode.c.objc; path = IndicatorDot.m; sourceTree = "<group>"; };
		1FBE91CE197822920097D493 /* METScopeView.h */ = {isa = PBXFileReference; fileEncoding = 4; lastKnownFileType = sourcecode.c.h; path = METScopeView.h; sourceTree = "<group>"; };
		1FBE91CF197822920097D493 /* METScopeView.m */ = {isa = PBXFileReference; fileEncoding = 4; lastKnownFileType = sourcecode.c.objc; path = METScopeView.m; sourceTree = "<group>"; };
/* End PBXFileReference section */

/* Begin PBXFrameworksBuildPhase section */
		1F17112A1970592A001E4237 /* Frameworks */ = {
			isa = PBXFrameworksBuildPhase;
			buildActionMask = 2147483647;
			files = (
				1F1711331970592A001E4237 /* CoreGraphics.framework in Frameworks */,
				1F1711351970592A001E4237 /* UIKit.framework in Frameworks */,
				1F1711311970592A001E4237 /* Foundation.framework in Frameworks */,
			);
			runOnlyForDeploymentPostprocessing = 0;
		};
		1F17114B1970592A001E4237 /* Frameworks */ = {
			isa = PBXFrameworksBuildPhase;
			buildActionMask = 2147483647;
			files = (
				1F1711501970592A001E4237 /* XCTest.framework in Frameworks */,
				1F1711521970592A001E4237 /* UIKit.framework in Frameworks */,
				1F1711511970592A001E4237 /* Foundation.framework in Frameworks */,
			);
			runOnlyForDeploymentPostprocessing = 0;
		};
/* End PBXFrameworksBuildPhase section */

/* Begin PBXGroup section */
		1F1711241970592A001E4237 = {
			isa = PBXGroup;
			children = (
				1FBE91B9197822920097D493 /* Audio */,
				1FBE91C0197822920097D493 /* Icons */,
				1FBE91C9197822920097D493 /* Visual */,
				1F1712EC197449E5001E4237 /* NVDSP */,
				1F1711361970592A001E4237 /* SoundSynth */,
				1F1711551970592A001E4237 /* SoundSynthTests */,
				1F17112F1970592A001E4237 /* Frameworks */,
				1F17112E1970592A001E4237 /* Products */,
			);
			sourceTree = "<group>";
		};
		1F17112E1970592A001E4237 /* Products */ = {
			isa = PBXGroup;
			children = (
				1F17112D1970592A001E4237 /* SoundSynth.app */,
				1F17114E1970592A001E4237 /* SoundSynthTests.xctest */,
			);
			name = Products;
			sourceTree = "<group>";
		};
		1F17112F1970592A001E4237 /* Frameworks */ = {
			isa = PBXGroup;
			children = (
				1F1711301970592A001E4237 /* Foundation.framework */,
				1F1711321970592A001E4237 /* CoreGraphics.framework */,
				1F1711341970592A001E4237 /* UIKit.framework */,
				1F17114F1970592A001E4237 /* XCTest.framework */,
			);
			name = Frameworks;
			sourceTree = "<group>";
		};
		1F1711361970592A001E4237 /* SoundSynth */ = {
			isa = PBXGroup;
			children = (
				1F17113F1970592A001E4237 /* AppDelegate.h */,
				1F1711401970592A001E4237 /* AppDelegate.m */,
				1F1711421970592A001E4237 /* Main.storyboard */,
				1F1711451970592A001E4237 /* ViewController.h */,
				1F1711461970592A001E4237 /* ViewController.m */,
				1F1711481970592A001E4237 /* Images.xcassets */,
				1F1711371970592A001E4237 /* Supporting Files */,
			);
			path = SoundSynth;
			sourceTree = "<group>";
		};
		1F1711371970592A001E4237 /* Supporting Files */ = {
			isa = PBXGroup;
			children = (
				1F1711381970592A001E4237 /* SoundSynth-Info.plist */,
				1F1711391970592A001E4237 /* InfoPlist.strings */,
				1F17113C1970592A001E4237 /* main.m */,
				1F17113E1970592A001E4237 /* SoundSynth-Prefix.pch */,
			);
			name = "Supporting Files";
			sourceTree = "<group>";
		};
		1F1711551970592A001E4237 /* SoundSynthTests */ = {
			isa = PBXGroup;
			children = (
				1F17115B1970592A001E4237 /* SoundSynthTests.m */,
				1F1711561970592A001E4237 /* Supporting Files */,
			);
			path = SoundSynthTests;
			sourceTree = "<group>";
		};
		1F1711561970592A001E4237 /* Supporting Files */ = {
			isa = PBXGroup;
			children = (
				1F1711571970592A001E4237 /* SoundSynthTests-Info.plist */,
				1F1711581970592A001E4237 /* InfoPlist.strings */,
			);
			name = "Supporting Files";
			sourceTree = "<group>";
		};
		1F1712EC197449E5001E4237 /* NVDSP */ = {
			isa = PBXGroup;
			children = (
				1F1712ED197449E5001E4237 /* Filters */,
				1F171300197449E5001E4237 /* NVDSP.h */,
				1F171301197449E5001E4237 /* NVDSP.mm */,
			);
			path = NVDSP;
			sourceTree = "<group>";
		};
		1F1712ED197449E5001E4237 /* Filters */ = {
			isa = PBXGroup;
			children = (
				1F1712EE197449E5001E4237 /* NVAllpassFilter.h */,
				1F1712EF197449E5001E4237 /* NVAllpassFilter.m */,
				1F1712F0197449E5001E4237 /* NVBandpassFilter.h */,
				1F1712F1197449E5001E4237 /* NVBandpassFilter.m */,
				1F1712F2197449E5001E4237 /* NVBandpassQPeakGainFilter.h */,
				1F1712F3197449E5001E4237 /* NVBandpassQPeakGainFilter.m */,
				1F1712F4197449E5001E4237 /* NVHighpassFilter.h */,
				1F1712F5197449E5001E4237 /* NVHighpassFilter.m */,
				1F1712F6197449E5001E4237 /* NVHighShelvingFilter.h */,
				1F1712F7197449E5001E4237 /* NVHighShelvingFilter.m */,
				1F1712F8197449E5001E4237 /* NVLowpassFilter.h */,
				1F1712F9197449E5001E4237 /* NVLowpassFilter.m */,
				1F1712FA197449E5001E4237 /* NVLowShelvingFilter.h */,
				1F1712FB197449E5001E4237 /* NVLowShelvingFilter.m */,
				1F1712FC197449E5001E4237 /* NVNotchFilter.h */,
				1F1712FD197449E5001E4237 /* NVNotchFilter.m */,
				1F1712FE197449E5001E4237 /* NVPeakingEQFilter.h */,
				1F1712FF197449E5001E4237 /* NVPeakingEQFilter.m */,
			);
			path = Filters;
			sourceTree = "<group>";
		};
		1FBE91B9197822920097D493 /* Audio */ = {
			isa = PBXGroup;
			children = (
				1FBE91BA197822920097D493 /* AdditiveSynth.h */,
				1FBE91BB197822920097D493 /* AdditiveSynth.m */,
				1FBE91BC197822920097D493 /* AudioOutput.h */,
				1FBE91BD197822920097D493 /* AudioOutput.m */,
				1FBE91BE197822920097D493 /* WavetableSynth.h */,
				1FBE91BF197822920097D493 /* WavetableSynth.m */,
			);
			path = Audio;
			sourceTree = "<group>";
		};
		1FBE91C0197822920097D493 /* Icons */ = {
			isa = PBXGroup;
			children = (
				1FBE91C1197822920097D493 /* icon_152.png */,
				1FBE91C2197822920097D493 /* icon_29.png */,
				1FBE91C3197822920097D493 /* icon_40.png */,
				1FBE91C4197822920097D493 /* icon_58.png */,
				1FBE91C5197822920097D493 /* icon_76.png */,
				1FBE91C6197822920097D493 /* icon_80.png */,
				1FBE91C7197822920097D493 /* sawtoothwave.jpg */,
				1FBE91C8197822920097D493 /* sawtoothwave.png */,
			);
			path = Icons;
			sourceTree = "<group>";
		};
		1FBE91C9197822920097D493 /* Visual */ = {
			isa = PBXGroup;
			children = (
				1FBE91CA197822920097D493 /* FunctionDrawView.h */,
				1FBE91CB197822920097D493 /* FunctionDrawView.m */,
				1FBE91CC197822920097D493 /* IndicatorDot.h */,
				1FBE91CD197822920097D493 /* IndicatorDot.m */,
				1FBE91CE197822920097D493 /* METScopeView.h */,
				1FBE91CF197822920097D493 /* METScopeView.m */,
			);
			path = Visual;
			sourceTree = "<group>";
		};
/* End PBXGroup section */

/* Begin PBXNativeTarget section */
		1F17112C1970592A001E4237 /* SoundSynth */ = {
			isa = PBXNativeTarget;
			buildConfigurationList = 1F17115F1970592A001E4237 /* Build configuration list for PBXNativeTarget "SoundSynth" */;
			buildPhases = (
				1F1711291970592A001E4237 /* Sources */,
				1F17112A1970592A001E4237 /* Frameworks */,
				1F17112B1970592A001E4237 /* Resources */,
			);
			buildRules = (
			);
			dependencies = (
			);
			name = SoundSynth;
			productName = SoundSynth;
			productReference = 1F17112D1970592A001E4237 /* SoundSynth.app */;
			productType = "com.apple.product-type.application";
		};
		1F17114D1970592A001E4237 /* SoundSynthTests */ = {
			isa = PBXNativeTarget;
			buildConfigurationList = 1F1711621970592A001E4237 /* Build configuration list for PBXNativeTarget "SoundSynthTests" */;
			buildPhases = (
				1F17114A1970592A001E4237 /* Sources */,
				1F17114B1970592A001E4237 /* Frameworks */,
				1F17114C1970592A001E4237 /* Resources */,
			);
			buildRules = (
			);
			dependencies = (
				1F1711541970592A001E4237 /* PBXTargetDependency */,
			);
			name = SoundSynthTests;
			productName = SoundSynthTests;
			productReference = 1F17114E1970592A001E4237 /* SoundSynthTests.xctest */;
			productType = "com.apple.product-type.bundle.unit-test";
		};
/* End PBXNativeTarget section */

/* Begin PBXProject section */
		1F1711251970592A001E4237 /* Project object */ = {
			isa = PBXProject;
			attributes = {
				LastUpgradeCheck = 0510;
				ORGANIZATIONNAME = "Jeff Gregorio";
				TargetAttributes = {
					1F17114D1970592A001E4237 = {
						TestTargetID = 1F17112C1970592A001E4237;
					};
				};
			};
			buildConfigurationList = 1F1711281970592A001E4237 /* Build configuration list for PBXProject "SoundSynth" */;
			compatibilityVersion = "Xcode 3.2";
			developmentRegion = English;
			hasScannedForEncodings = 0;
			knownRegions = (
				en,
				Base,
			);
			mainGroup = 1F1711241970592A001E4237;
			productRefGroup = 1F17112E1970592A001E4237 /* Products */;
			projectDirPath = "";
			projectRoot = "";
			targets = (
				1F17112C1970592A001E4237 /* SoundSynth */,
				1F17114D1970592A001E4237 /* SoundSynthTests */,
			);
		};
/* End PBXProject section */

/* Begin PBXResourcesBuildPhase section */
		1F17112B1970592A001E4237 /* Resources */ = {
			isa = PBXResourcesBuildPhase;
			buildActionMask = 2147483647;
			files = (
				1F1711491970592A001E4237 /* Images.xcassets in Resources */,
				1FBE91DA197822920097D493 /* sawtoothwave.png in Resources */,
				1F17113B1970592A001E4237 /* InfoPlist.strings in Resources */,
				1FBE91D4197822920097D493 /* icon_29.png in Resources */,
				1FBE91D7197822920097D493 /* icon_76.png in Resources */,
				1F1711441970592A001E4237 /* Main.storyboard in Resources */,
				1FBE91D5197822920097D493 /* icon_40.png in Resources */,
				1FBE91D3197822920097D493 /* icon_152.png in Resources */,
				1FBE91D8197822920097D493 /* icon_80.png in Resources */,
				1FBE91D6197822920097D493 /* icon_58.png in Resources */,
				1FBE91D9197822920097D493 /* sawtoothwave.jpg in Resources */,
			);
			runOnlyForDeploymentPostprocessing = 0;
		};
		1F17114C1970592A001E4237 /* Resources */ = {
			isa = PBXResourcesBuildPhase;
			buildActionMask = 2147483647;
			files = (
				1F17115A1970592A001E4237 /* InfoPlist.strings in Resources */,
			);
			runOnlyForDeploymentPostprocessing = 0;
		};
/* End PBXResourcesBuildPhase section */

/* Begin PBXSourcesBuildPhase section */
		1F1711291970592A001E4237 /* Sources */ = {
			isa = PBXSourcesBuildPhase;
			buildActionMask = 2147483647;
			files = (
				1F171307197449E5001E4237 /* NVLowpassFilter.m in Sources */,
				1F171309197449E5001E4237 /* NVNotchFilter.m in Sources */,
				1F171306197449E5001E4237 /* NVHighShelvingFilter.m in Sources */,
				1FBE91DB197822920097D493 /* FunctionDrawView.m in Sources */,
				1F1711471970592A001E4237 /* ViewController.m in Sources */,
				1FBE91DC197822920097D493 /* IndicatorDot.m in Sources */,
				1FBE91DD197822920097D493 /* METScopeView.m in Sources */,
				1FBE91D0197822920097D493 /* AdditiveSynth.m in Sources */,
				1F171302197449E5001E4237 /* NVAllpassFilter.m in Sources */,
				1F171303197449E5001E4237 /* NVBandpassFilter.m in Sources */,
				1F1711411970592A001E4237 /* AppDelegate.m in Sources */,
				1F17113D1970592A001E4237 /* main.m in Sources */,
				1F17130B197449E5001E4237 /* NVDSP.mm in Sources */,
				1F17130A197449E5001E4237 /* NVPeakingEQFilter.m in Sources */,
				1F171304197449E5001E4237 /* NVBandpassQPeakGainFilter.m in Sources */,
				1FBE91D2197822920097D493 /* WavetableSynth.m in Sources */,
				1F171308197449E5001E4237 /* NVLowShelvingFilter.m in Sources */,
				1FBE91D1197822920097D493 /* AudioOutput.m in Sources */,
				1F171305197449E5001E4237 /* NVHighpassFilter.m in Sources */,
			);
			runOnlyForDeploymentPostprocessing = 0;
		};
		1F17114A1970592A001E4237 /* Sources */ = {
			isa = PBXSourcesBuildPhase;
			buildActionMask = 2147483647;
			files = (
				1F17115C1970592A001E4237 /* SoundSynthTests.m in Sources */,
			);
			runOnlyForDeploymentPostprocessing = 0;
		};
/* End PBXSourcesBuildPhase section */

/* Begin PBXTargetDependency section */
		1F1711541970592A001E4237 /* PBXTargetDependency */ = {
			isa = PBXTargetDependency;
			target = 1F17112C1970592A001E4237 /* SoundSynth */;
			targetProxy = 1F1711531970592A001E4237 /* PBXContainerItemProxy */;
		};
/* End PBXTargetDependency section */

/* Begin PBXVariantGroup section */
		1F1711391970592A001E4237 /* InfoPlist.strings */ = {
			isa = PBXVariantGroup;
			children = (
				1F17113A1970592A001E4237 /* en */,
			);
			name = InfoPlist.strings;
			sourceTree = "<group>";
		};
		1F1711421970592A001E4237 /* Main.storyboard */ = {
			isa = PBXVariantGroup;
			children = (
				1F1711431970592A001E4237 /* Base */,
			);
			name = Main.storyboard;
			sourceTree = "<group>";
		};
		1F1711581970592A001E4237 /* InfoPlist.strings */ = {
			isa = PBXVariantGroup;
			children = (
				1F1711591970592A001E4237 /* en */,
			);
			name = InfoPlist.strings;
			sourceTree = "<group>";
		};
/* End PBXVariantGroup section */

/* Begin XCBuildConfiguration section */
		1F17115D1970592A001E4237 /* Debug */ = {
			isa = XCBuildConfiguration;
			buildSettings = {
				ALWAYS_SEARCH_USER_PATHS = NO;
				CLANG_CXX_LANGUAGE_STANDARD = "gnu++0x";
				CLANG_CXX_LIBRARY = "libc++";
				CLANG_ENABLE_MODULES = YES;
				CLANG_ENABLE_OBJC_ARC = YES;
				CLANG_WARN_BOOL_CONVERSION = YES;
				CLANG_WARN_CONSTANT_CONVERSION = YES;
				CLANG_WARN_DIRECT_OBJC_ISA_USAGE = YES_ERROR;
				CLANG_WARN_EMPTY_BODY = YES;
				CLANG_WARN_ENUM_CONVERSION = YES;
				CLANG_WARN_INT_CONVERSION = YES;
				CLANG_WARN_OBJC_ROOT_CLASS = YES_ERROR;
				CLANG_WARN__DUPLICATE_METHOD_MATCH = YES;
				"CODE_SIGN_IDENTITY[sdk=iphoneos*]" = "iPhone Developer";
				COPY_PHASE_STRIP = NO;
				GCC_C_LANGUAGE_STANDARD = gnu99;
				GCC_DYNAMIC_NO_PIC = NO;
				GCC_OPTIMIZATION_LEVEL = 0;
				GCC_PREPROCESSOR_DEFINITIONS = (
					"DEBUG=1",
					"$(inherited)",
				);
				GCC_SYMBOLS_PRIVATE_EXTERN = NO;
				GCC_WARN_64_TO_32_BIT_CONVERSION = YES;
				GCC_WARN_ABOUT_RETURN_TYPE = YES_ERROR;
				GCC_WARN_UNDECLARED_SELECTOR = YES;
				GCC_WARN_UNINITIALIZED_AUTOS = YES_AGGRESSIVE;
				GCC_WARN_UNUSED_FUNCTION = YES;
				GCC_WARN_UNUSED_VARIABLE = YES;
				IPHONEOS_DEPLOYMENT_TARGET = 7.1;
				ONLY_ACTIVE_ARCH = YES;
				SDKROOT = iphoneos;
				TARGETED_DEVICE_FAMILY = 2;
			};
			name = Debug;
		};
		1F17115E1970592A001E4237 /* Release */ = {
			isa = XCBuildConfiguration;
			buildSettings = {
				ALWAYS_SEARCH_USER_PATHS = NO;
				CLANG_CXX_LANGUAGE_STANDARD = "gnu++0x";
				CLANG_CXX_LIBRARY = "libc++";
				CLANG_ENABLE_MODULES = YES;
				CLANG_ENABLE_OBJC_ARC = YES;
				CLANG_WARN_BOOL_CONVERSION = YES;
				CLANG_WARN_CONSTANT_CONVERSION = YES;
				CLANG_WARN_DIRECT_OBJC_ISA_USAGE = YES_ERROR;
				CLANG_WARN_EMPTY_BODY = YES;
				CLANG_WARN_ENUM_CONVERSION = YES;
				CLANG_WARN_INT_CONVERSION = YES;
				CLANG_WARN_OBJC_ROOT_CLASS = YES_ERROR;
				CLANG_WARN__DUPLICATE_METHOD_MATCH = YES;
				"CODE_SIGN_IDENTITY[sdk=iphoneos*]" = "iPhone Developer";
				COPY_PHASE_STRIP = YES;
				ENABLE_NS_ASSERTIONS = NO;
				GCC_C_LANGUAGE_STANDARD = gnu99;
				GCC_WARN_64_TO_32_BIT_CONVERSION = YES;
				GCC_WARN_ABOUT_RETURN_TYPE = YES_ERROR;
				GCC_WARN_UNDECLARED_SELECTOR = YES;
				GCC_WARN_UNINITIALIZED_AUTOS = YES_AGGRESSIVE;
				GCC_WARN_UNUSED_FUNCTION = YES;
				GCC_WARN_UNUSED_VARIABLE = YES;
				IPHONEOS_DEPLOYMENT_TARGET = 7.1;
				SDKROOT = iphoneos;
				TARGETED_DEVICE_FAMILY = 2;
				VALIDATE_PRODUCT = YES;
			};
			name = Release;
		};
		1F1711601970592A001E4237 /* Debug */ = {
			isa = XCBuildConfiguration;
			buildSettings = {
				ASSETCATALOG_COMPILER_APPICON_NAME = AppIcon;
				ASSETCATALOG_COMPILER_LAUNCHIMAGE_NAME = LaunchImage;
				GCC_PRECOMPILE_PREFIX_HEADER = YES;
				GCC_PREFIX_HEADER = "SoundSynth/SoundSynth-Prefix.pch";
				INFOPLIST_FILE = "SoundSynth/SoundSynth-Info.plist";
				PRODUCT_NAME = "$(TARGET_NAME)";
				WRAPPER_EXTENSION = app;
			};
			name = Debug;
		};
		1F1711611970592A001E4237 /* Release */ = {
			isa = XCBuildConfiguration;
			buildSettings = {
				ASSETCATALOG_COMPILER_APPICON_NAME = AppIcon;
				ASSETCATALOG_COMPILER_LAUNCHIMAGE_NAME = LaunchImage;
				GCC_PRECOMPILE_PREFIX_HEADER = YES;
				GCC_PREFIX_HEADER = "SoundSynth/SoundSynth-Prefix.pch";
				INFOPLIST_FILE = "SoundSynth/SoundSynth-Info.plist";
				PRODUCT_NAME = "$(TARGET_NAME)";
				WRAPPER_EXTENSION = app;
			};
			name = Release;
		};
		1F1711631970592A001E4237 /* Debug */ = {
			isa = XCBuildConfiguration;
			buildSettings = {
				BUNDLE_LOADER = "$(BUILT_PRODUCTS_DIR)/SoundSynth.app/SoundSynth";
				FRAMEWORK_SEARCH_PATHS = (
					"$(SDKROOT)/Developer/Library/Frameworks",
					"$(inherited)",
					"$(DEVELOPER_FRAMEWORKS_DIR)",
				);
				GCC_PRECOMPILE_PREFIX_HEADER = YES;
				GCC_PREFIX_HEADER = "SoundSynth/SoundSynth-Prefix.pch";
				GCC_PREPROCESSOR_DEFINITIONS = (
					"DEBUG=1",
					"$(inherited)",
				);
				INFOPLIST_FILE = "SoundSynthTests/SoundSynthTests-Info.plist";
				PRODUCT_NAME = "$(TARGET_NAME)";
				TEST_HOST = "$(BUNDLE_LOADER)";
				WRAPPER_EXTENSION = xctest;
			};
			name = Debug;
		};
		1F1711641970592A001E4237 /* Release */ = {
			isa = XCBuildConfiguration;
			buildSettings = {
				BUNDLE_LOADER = "$(BUILT_PRODUCTS_DIR)/SoundSynth.app/SoundSynth";
				FRAMEWORK_SEARCH_PATHS = (
					"$(SDKROOT)/Developer/Library/Frameworks",
					"$(inherited)",
					"$(DEVELOPER_FRAMEWORKS_DIR)",
				);
				GCC_PRECOMPILE_PREFIX_HEADER = YES;
				GCC_PREFIX_HEADER = "SoundSynth/SoundSynth-Prefix.pch";
				INFOPLIST_FILE = "SoundSynthTests/SoundSynthTests-Info.plist";
				PRODUCT_NAME = "$(TARGET_NAME)";
				TEST_HOST = "$(BUNDLE_LOADER)";
				WRAPPER_EXTENSION = xctest;
			};
			name = Release;
		};
/* End XCBuildConfiguration section */

/* Begin XCConfigurationList section */
		1F1711281970592A001E4237 /* Build configuration list for PBXProject "SoundSynth" */ = {
			isa = XCConfigurationList;
			buildConfigurations = (
				1F17115D1970592A001E4237 /* Debug */,
				1F17115E1970592A001E4237 /* Release */,
			);
			defaultConfigurationIsVisible = 0;
			defaultConfigurationName = Release;
		};
		1F17115F1970592A001E4237 /* Build configuration list for PBXNativeTarget "SoundSynth" */ = {
			isa = XCConfigurationList;
			buildConfigurations = (
				1F1711601970592A001E4237 /* Debug */,
				1F1711611970592A001E4237 /* Release */,
			);
			defaultConfigurationIsVisible = 0;
			defaultConfigurationName = Release;
		};
		1F1711621970592A001E4237 /* Build configuration list for PBXNativeTarget "SoundSynthTests" */ = {
			isa = XCConfigurationList;
			buildConfigurations = (
				1F1711631970592A001E4237 /* Debug */,
				1F1711641970592A001E4237 /* Release */,
			);
			defaultConfigurationIsVisible = 0;
			defaultConfigurationName = Release;
		};
/* End XCConfigurationList section */
	};
	rootObject = 1F1711251970592A001E4237 /* Project object */;
}
